
Microsoft Visual Studio Solution File, Format Version 12.00
# Visual Studio 14
VisualStudioVersion = 14.0.25420.1
MinimumVisualStudioVersion = 10.0.40219.1
Project("{FAE04EC0-301F-11D3-BF4B-00C04F79EFBC}") = "Theatre.Web", "Theatre.Web\Theatre.Web.csproj", "{A6D1C31F-17FD-4741-A133-7018B604D565}"
EndProject
Project("{FAE04EC0-301F-11D3-BF4B-00C04F79EFBC}") = "Theatre.Data", "Theatre.Data\Theatre.Data.csproj", "{5F6A30DE-6565-4332-8DF7-A62222B425A8}"
EndProject
Global
	GlobalSection(SolutionConfigurationPlatforms) = preSolution
		Debug|Any CPU = Debug|Any CPU
		Release|Any CPU = Release|Any CPU
	EndGlobalSection
	GlobalSection(ProjectConfigurationPlatforms) = postSolution
		{A6D1C31F-17FD-4741-A133-7018B604D565}.Debug|Any CPU.ActiveCfg = Debug|Any CPU
		{A6D1C31F-17FD-4741-A133-7018B604D565}.Debug|Any CPU.Build.0 = Debug|Any CPU
		{A6D1C31F-17FD-4741-A133-7018B604D565}.Release|Any CPU.ActiveCfg = Release|Any CPU
		{A6D1C31F-17FD-4741-A133-7018B604D565}.Release|Any CPU.Build.0 = Release|Any CPU
		{5F6A30DE-6565-4332-8DF7-A62222B425A8}.Debug|Any CPU.ActiveCfg = Debug|Any CPU
		{5F6A30DE-6565-4332-8DF7-A62222B425A8}.Debug|Any CPU.Build.0 = Debug|Any CPU
		{5F6A30DE-6565-4332-8DF7-A62222B425A8}.Release|Any CPU.ActiveCfg = Release|Any CPU
		{5F6A30DE-6565-4332-8DF7-A62222B425A8}.Release|Any CPU.Build.0 = Release|Any CPU
	EndGlobalSection
	GlobalSection(SolutionProperties) = preSolution
		HideSolutionNode = FALSE
	EndGlobalSection
EndGlobal
